// !$*UTF8*$!
{
	archiveVersion = 1;
	classes = {
	};
	objectVersion = 56;
	objects = {

/* Begin PBXBuildFile section */
		D0A386842AFC4E9200C362D5 /* hungaryApp.swift in Sources */ = {isa = PBXBuildFile; fileRef = D0A386832AFC4E9200C362D5 /* hungaryApp.swift */; };
		D0A386862AFC4E9200C362D5 /* ContentView.swift in Sources */ = {isa = PBXBuildFile; fileRef = D0A386852AFC4E9200C362D5 /* ContentView.swift */; };
		D0A386882AFC4E9500C362D5 /* Assets.xcassets in Resources */ = {isa = PBXBuildFile; fileRef = D0A386872AFC4E9500C362D5 /* Assets.xcassets */; };
		D0A3868B2AFC4E9500C362D5 /* Preview Assets.xcassets in Resources */ = {isa = PBXBuildFile; fileRef = D0A3868A2AFC4E9500C362D5 /* Preview Assets.xcassets */; };
		D0A386952AFC4E9500C362D5 /* hungaryTests.swift in Sources */ = {isa = PBXBuildFile; fileRef = D0A386942AFC4E9500C362D5 /* hungaryTests.swift */; };
		D0A3869F2AFC4E9500C362D5 /* hungaryUITests.swift in Sources */ = {isa = PBXBuildFile; fileRef = D0A3869E2AFC4E9500C362D5 /* hungaryUITests.swift */; };
		D0A386A12AFC4E9500C362D5 /* hungaryUITestsLaunchTests.swift in Sources */ = {isa = PBXBuildFile; fileRef = D0A386A02AFC4E9500C362D5 /* hungaryUITestsLaunchTests.swift */; };
/* End PBXBuildFile section */

/* Begin PBXContainerItemProxy section */
		D0A386912AFC4E9500C362D5 /* PBXContainerItemProxy */ = {
			isa = PBXContainerItemProxy;
			containerPortal = D0A386782AFC4E9200C362D5 /* Project object */;
			proxyType = 1;
			remoteGlobalIDString = D0A3867F2AFC4E9200C362D5;
			remoteInfo = hungary;
		};
		D0A3869B2AFC4E9500C362D5 /* PBXContainerItemProxy */ = {
			isa = PBXContainerItemProxy;
			containerPortal = D0A386782AFC4E9200C362D5 /* Project object */;
			proxyType = 1;
			remoteGlobalIDString = D0A3867F2AFC4E9200C362D5;
			remoteInfo = hungary;
		};
/* End PBXContainerItemProxy section */

/* Begin PBXFileReference section */
		D0A386802AFC4E9200C362D5 /* hungary.app */ = {isa = PBXFileReference; explicitFileType = wrapper.application; includeInIndex = 0; path = hungary.app; sourceTree = BUILT_PRODUCTS_DIR; };
		D0A386832AFC4E9200C362D5 /* hungaryApp.swift */ = {isa = PBXFileReference; lastKnownFileType = sourcecode.swift; path = hungaryApp.swift; sourceTree = "<group>"; };
		D0A386852AFC4E9200C362D5 /* ContentView.swift */ = {isa = PBXFileReference; lastKnownFileType = sourcecode.swift; path = ContentView.swift; sourceTree = "<group>"; };
		D0A386872AFC4E9500C362D5 /* Assets.xcassets */ = {isa = PBXFileReference; lastKnownFileType = folder.assetcatalog; path = Assets.xcassets; sourceTree = "<group>"; };
		D0A3868A2AFC4E9500C362D5 /* Preview Assets.xcassets */ = {isa = PBXFileReference; lastKnownFileType = folder.assetcatalog; path = "Preview Assets.xcassets"; sourceTree = "<group>"; };
		D0A386902AFC4E9500C362D5 /* hungaryTests.xctest */ = {isa = PBXFileReference; explicitFileType = wrapper.cfbundle; includeInIndex = 0; path = hungaryTests.xctest; sourceTree = BUILT_PRODUCTS_DIR; };
		D0A386942AFC4E9500C362D5 /* hungaryTests.swift */ = {isa = PBXFileReference; lastKnownFileType = sourcecode.swift; path = hungaryTests.swift; sourceTree = "<group>"; };
		D0A3869A2AFC4E9500C362D5 /* hungaryUITests.xctest */ = {isa = PBXFileReference; explicitFileType = wrapper.cfbundle; includeInIndex = 0; path = hungaryUITests.xctest; sourceTree = BUILT_PRODUCTS_DIR; };
		D0A3869E2AFC4E9500C362D5 /* hungaryUITests.swift */ = {isa = PBXFileReference; lastKnownFileType = sourcecode.swift; path = hungaryUITests.swift; sourceTree = "<group>"; };
		D0A386A02AFC4E9500C362D5 /* hungaryUITestsLaunchTests.swift */ = {isa = PBXFileReference; lastKnownFileType = sourcecode.swift; path = hungaryUITestsLaunchTests.swift; sourceTree = "<group>"; };
/* End PBXFileReference section */

/* Begin PBXFrameworksBuildPhase section */
		D0A3867D2AFC4E9200C362D5 /* Frameworks */ = {
			isa = PBXFrameworksBuildPhase;
			buildActionMask = 2147483647;
			files = (
			);
			runOnlyForDeploymentPostprocessing = 0;
		};
		D0A3868D2AFC4E9500C362D5 /* Frameworks */ = {
			isa = PBXFrameworksBuildPhase;
			buildActionMask = 2147483647;
			files = (
			);
			runOnlyForDeploymentPostprocessing = 0;
		};
		D0A386972AFC4E9500C362D5 /* Frameworks */ = {
			isa = PBXFrameworksBuildPhase;
			buildActionMask = 2147483647;
			files = (
			);
			runOnlyForDeploymentPostprocessing = 0;
		};
/* End PBXFrameworksBuildPhase section */

/* Begin PBXGroup section */
		D0A386772AFC4E9200C362D5 = {
			isa = PBXGroup;
			children = (
				D0A386822AFC4E9200C362D5 /* hungary */,
				D0A386932AFC4E9500C362D5 /* hungaryTests */,
				D0A3869D2AFC4E9500C362D5 /* hungaryUITests */,
				D0A386812AFC4E9200C362D5 /* Products */,
			);
			sourceTree = "<group>";
		};
		D0A386812AFC4E9200C362D5 /* Products */ = {
			isa = PBXGroup;
			children = (
				D0A386802AFC4E9200C362D5 /* hungary.app */,
				D0A386902AFC4E9500C362D5 /* hungaryTests.xctest */,
				D0A3869A2AFC4E9500C362D5 /* hungaryUITests.xctest */,
			);
			name = Products;
			sourceTree = "<group>";
		};
		D0A386822AFC4E9200C362D5 /* hungary */ = {
			isa = PBXGroup;
			children = (
				D0A386832AFC4E9200C362D5 /* hungaryApp.swift */,
				D0A386852AFC4E9200C362D5 /* ContentView.swift */,
				D0A386872AFC4E9500C362D5 /* Assets.xcassets */,
				D0A386892AFC4E9500C362D5 /* Preview Content */,
			);
			path = hungary;
			sourceTree = "<group>";
		};
		D0A386892AFC4E9500C362D5 /* Preview Content */ = {
			isa = PBXGroup;
			children = (
				D0A3868A2AFC4E9500C362D5 /* Preview Assets.xcassets */,
			);
			path = "Preview Content";
			sourceTree = "<group>";
		};
		D0A386932AFC4E9500C362D5 /* hungaryTests */ = {
			isa = PBXGroup;
			children = (
				D0A386942AFC4E9500C362D5 /* hungaryTests.swift */,
			);
			path = hungaryTests;
			sourceTree = "<group>";
		};
		D0A3869D2AFC4E9500C362D5 /* hungaryUITests */ = {
			isa = PBXGroup;
			children = (
				D0A3869E2AFC4E9500C362D5 /* hungaryUITests.swift */,
				D0A386A02AFC4E9500C362D5 /* hungaryUITestsLaunchTests.swift */,
			);
			path = hungaryUITests;
			sourceTree = "<group>";
		};
/* End PBXGroup section */

/* Begin PBXNativeTarget section */
		D0A3867F2AFC4E9200C362D5 /* hungary */ = {
			isa = PBXNativeTarget;
			buildConfigurationList = D0A386A42AFC4E9500C362D5 /* Build configuration list for PBXNativeTarget "hungary" */;
			buildPhases = (
				D0A3867C2AFC4E9200C362D5 /* Sources */,
				D0A3867D2AFC4E9200C362D5 /* Frameworks */,
				D0A3867E2AFC4E9200C362D5 /* Resources */,
			);
			buildRules = (
			);
			dependencies = (
			);
			name = hungary;
			productName = hungary;
			productReference = D0A386802AFC4E9200C362D5 /* hungary.app */;
			productType = "com.apple.product-type.application";
		};
		D0A3868F2AFC4E9500C362D5 /* hungaryTests */ = {
			isa = PBXNativeTarget;
			buildConfigurationList = D0A386A72AFC4E9500C362D5 /* Build configuration list for PBXNativeTarget "hungaryTests" */;
			buildPhases = (
				D0A3868C2AFC4E9500C362D5 /* Sources */,
				D0A3868D2AFC4E9500C362D5 /* Frameworks */,
				D0A3868E2AFC4E9500C362D5 /* Resources */,
			);
			buildRules = (
			);
			dependencies = (
				D0A386922AFC4E9500C362D5 /* PBXTargetDependency */,
			);
			name = hungaryTests;
			productName = hungaryTests;
			productReference = D0A386902AFC4E9500C362D5 /* hungaryTests.xctest */;
			productType = "com.apple.product-type.bundle.unit-test";
		};
		D0A386992AFC4E9500C362D5 /* hungaryUITests */ = {
			isa = PBXNativeTarget;
			buildConfigurationList = D0A386AA2AFC4E9500C362D5 /* Build configuration list for PBXNativeTarget "hungaryUITests" */;
			buildPhases = (
				D0A386962AFC4E9500C362D5 /* Sources */,
				D0A386972AFC4E9500C362D5 /* Frameworks */,
				D0A386982AFC4E9500C362D5 /* Resources */,
			);
			buildRules = (
			);
			dependencies = (
				D0A3869C2AFC4E9500C362D5 /* PBXTargetDependency */,
			);
			name = hungaryUITests;
			productName = hungaryUITests;
			productReference = D0A3869A2AFC4E9500C362D5 /* hungaryUITests.xctest */;
			productType = "com.apple.product-type.bundle.ui-testing";
		};
/* End PBXNativeTarget section */

/* Begin PBXProject section */
		D0A386782AFC4E9200C362D5 /* Project object */ = {
			isa = PBXProject;
			attributes = {
				BuildIndependentTargetsInParallel = 1;
				LastSwiftUpdateCheck = 1500;
				LastUpgradeCheck = 1500;
				TargetAttributes = {
					D0A3867F2AFC4E9200C362D5 = {
						CreatedOnToolsVersion = 15.0.1;
					};
					D0A3868F2AFC4E9500C362D5 = {
						CreatedOnToolsVersion = 15.0.1;
						TestTargetID = D0A3867F2AFC4E9200C362D5;
					};
					D0A386992AFC4E9500C362D5 = {
						CreatedOnToolsVersion = 15.0.1;
						TestTargetID = D0A3867F2AFC4E9200C362D5;
					};
				};
			};
			buildConfigurationList = D0A3867B2AFC4E9200C362D5 /* Build configuration list for PBXProject "hungary" */;
			compatibilityVersion = "Xcode 14.0";
			developmentRegion = en;
			hasScannedForEncodings = 0;
			knownRegions = (
				en,
				Base,
			);
			mainGroup = D0A386772AFC4E9200C362D5;
			productRefGroup = D0A386812AFC4E9200C362D5 /* Products */;
			projectDirPath = "";
			projectRoot = "";
			targets = (
				D0A3867F2AFC4E9200C362D5 /* hungary */,
				D0A3868F2AFC4E9500C362D5 /* hungaryTests */,
				D0A386992AFC4E9500C362D5 /* hungaryUITests */,
			);
		};
/* End PBXProject section */

/* Begin PBXResourcesBuildPhase section */
		D0A3867E2AFC4E9200C362D5 /* Resources */ = {
			isa = PBXResourcesBuildPhase;
			buildActionMask = 2147483647;
			files = (
				D0A3868B2AFC4E9500C362D5 /* Preview Assets.xcassets in Resources */,
				D0A386882AFC4E9500C362D5 /* Assets.xcassets in Resources */,
			);
			runOnlyForDeploymentPostprocessing = 0;
		};
		D0A3868E2AFC4E9500C362D5 /* Resources */ = {
			isa = PBXResourcesBuildPhase;
			buildActionMask = 2147483647;
			files = (
			);
			runOnlyForDeploymentPostprocessing = 0;
		};
		D0A386982AFC4E9500C362D5 /* Resources */ = {
			isa = PBXResourcesBuildPhase;
			buildActionMask = 2147483647;
			files = (
			);
			runOnlyForDeploymentPostprocessing = 0;
		};
/* End PBXResourcesBuildPhase section */

/* Begin PBXSourcesBuildPhase section */
		D0A3867C2AFC4E9200C362D5 /* Sources */ = {
			isa = PBXSourcesBuildPhase;
			buildActionMask = 2147483647;
			files = (
				D0A386862AFC4E9200C362D5 /* ContentView.swift in Sources */,
				D0A386842AFC4E9200C362D5 /* hungaryApp.swift in Sources */,
			);
			runOnlyForDeploymentPostprocessing = 0;
		};
		D0A3868C2AFC4E9500C362D5 /* Sources */ = {
			isa = PBXSourcesBuildPhase;
			buildActionMask = 2147483647;
			files = (
				D0A386952AFC4E9500C362D5 /* hungaryTests.swift in Sources */,
			);
			runOnlyForDeploymentPostprocessing = 0;
		};
		D0A386962AFC4E9500C362D5 /* Sources */ = {
			isa = PBXSourcesBuildPhase;
			buildActionMask = 2147483647;
			files = (
				D0A3869F2AFC4E9500C362D5 /* hungaryUITests.swift in Sources */,
				D0A386A12AFC4E9500C362D5 /* hungaryUITestsLaunchTests.swift in Sources */,
			);
			runOnlyForDeploymentPostprocessing = 0;
		};
/* End PBXSourcesBuildPhase section */

/* Begin PBXTargetDependency section */
		D0A386922AFC4E9500C362D5 /* PBXTargetDependency */ = {
			isa = PBXTargetDependency;
			target = D0A3867F2AFC4E9200C362D5 /* hungary */;
			targetProxy = D0A386912AFC4E9500C362D5 /* PBXContainerItemProxy */;
		};
		D0A3869C2AFC4E9500C362D5 /* PBXTargetDependency */ = {
			isa = PBXTargetDependency;
			target = D0A3867F2AFC4E9200C362D5 /* hungary */;
			targetProxy = D0A3869B2AFC4E9500C362D5 /* PBXContainerItemProxy */;
		};
/* End PBXTargetDependency section */

/* Begin XCBuildConfiguration section */
		D0A386A22AFC4E9500C362D5 /* Debug */ = {
			isa = XCBuildConfiguration;
			buildSettings = {
				ALWAYS_SEARCH_USER_PATHS = NO;
				ASSETCATALOG_COMPILER_GENERATE_SWIFT_ASSET_SYMBOL_EXTENSIONS = YES;
				CLANG_ANALYZER_NONNULL = YES;
				CLANG_ANALYZER_NUMBER_OBJECT_CONVERSION = YES_AGGRESSIVE;
				CLANG_CXX_LANGUAGE_STANDARD = "gnu++20";
				CLANG_ENABLE_MODULES = YES;
				CLANG_ENABLE_OBJC_ARC = YES;
				CLANG_ENABLE_OBJC_WEAK = YES;
				CLANG_WARN_BLOCK_CAPTURE_AUTORELEASING = YES;
				CLANG_WARN_BOOL_CONVERSION = YES;
				CLANG_WARN_COMMA = YES;
				CLANG_WARN_CONSTANT_CONVERSION = YES;
				CLANG_WARN_DEPRECATED_OBJC_IMPLEMENTATIONS = YES;
				CLANG_WARN_DIRECT_OBJC_ISA_USAGE = YES_ERROR;
				CLANG_WARN_DOCUMENTATION_COMMENTS = YES;
				CLANG_WARN_EMPTY_BODY = YES;
				CLANG_WARN_ENUM_CONVERSION = YES;
				CLANG_WARN_INFINITE_RECURSION = YES;
				CLANG_WARN_INT_CONVERSION = YES;
				CLANG_WARN_NON_LITERAL_NULL_CONVERSION = YES;
				CLANG_WARN_OBJC_IMPLICIT_RETAIN_SELF = YES;
				CLANG_WARN_OBJC_LITERAL_CONVERSION = YES;
				CLANG_WARN_OBJC_ROOT_CLASS = YES_ERROR;
				CLANG_WARN_QUOTED_INCLUDE_IN_FRAMEWORK_HEADER = YES;
				CLANG_WARN_RANGE_LOOP_ANALYSIS = YES;
				CLANG_WARN_STRICT_PROTOTYPES = YES;
				CLANG_WARN_SUSPICIOUS_MOVE = YES;
				CLANG_WARN_UNGUARDED_AVAILABILITY = YES_AGGRESSIVE;
				CLANG_WARN_UNREACHABLE_CODE = YES;
				CLANG_WARN__DUPLICATE_METHOD_MATCH = YES;
				COPY_PHASE_STRIP = NO;
				DEBUG_INFORMATION_FORMAT = dwarf;
				ENABLE_STRICT_OBJC_MSGSEND = YES;
				ENABLE_TESTABILITY = YES;
				ENABLE_USER_SCRIPT_SANDBOXING = YES;
				GCC_C_LANGUAGE_STANDARD = gnu17;
				GCC_DYNAMIC_NO_PIC = NO;
				GCC_NO_COMMON_BLOCKS = YES;
				GCC_OPTIMIZATION_LEVEL = 0;
				GCC_PREPROCESSOR_DEFINITIONS = (
					"DEBUG=1",
					"$(inherited)",
				);
				GCC_WARN_64_TO_32_BIT_CONVERSION = YES;
				GCC_WARN_ABOUT_RETURN_TYPE = YES_ERROR;
				GCC_WARN_UNDECLARED_SELECTOR = YES;
				GCC_WARN_UNINITIALIZED_AUTOS = YES_AGGRESSIVE;
				GCC_WARN_UNUSED_FUNCTION = YES;
				GCC_WARN_UNUSED_VARIABLE = YES;
				IPHONEOS_DEPLOYMENT_TARGET = 17.0;
				LOCALIZATION_PREFERS_STRING_CATALOGS = YES;
				MTL_ENABLE_DEBUG_INFO = INCLUDE_SOURCE;
				MTL_FAST_MATH = YES;
				ONLY_ACTIVE_ARCH = YES;
				SDKROOT = iphoneos;
				SWIFT_ACTIVE_COMPILATION_CONDITIONS = "DEBUG $(inherited)";
				SWIFT_OPTIMIZATION_LEVEL = "-Onone";
			};
			name = Debug;
		};
		D0A386A32AFC4E9500C362D5 /* Release */ = {
			isa = XCBuildConfiguration;
			buildSettings = {
				ALWAYS_SEARCH_USER_PATHS = NO;
				ASSETCATALOG_COMPILER_GENERATE_SWIFT_ASSET_SYMBOL_EXTENSIONS = YES;
				CLANG_ANALYZER_NONNULL = YES;
				CLANG_ANALYZER_NUMBER_OBJECT_CONVERSION = YES_AGGRESSIVE;
				CLANG_CXX_LANGUAGE_STANDARD = "gnu++20";
				CLANG_ENABLE_MODULES = YES;
				CLANG_ENABLE_OBJC_ARC = YES;
				CLANG_ENABLE_OBJC_WEAK = YES;
				CLANG_WARN_BLOCK_CAPTURE_AUTORELEASING = YES;
				CLANG_WARN_BOOL_CONVERSION = YES;
				CLANG_WARN_COMMA = YES;
				CLANG_WARN_CONSTANT_CONVERSION = YES;
				CLANG_WARN_DEPRECATED_OBJC_IMPLEMENTATIONS = YES;
				CLANG_WARN_DIRECT_OBJC_ISA_USAGE = YES_ERROR;
				CLANG_WARN_DOCUMENTATION_COMMENTS = YES;
				CLANG_WARN_EMPTY_BODY = YES;
				CLANG_WARN_ENUM_CONVERSION = YES;
				CLANG_WARN_INFINITE_RECURSION = YES;
				CLANG_WARN_INT_CONVERSION = YES;
				CLANG_WARN_NON_LITERAL_NULL_CONVERSION = YES;
				CLANG_WARN_OBJC_IMPLICIT_RETAIN_SELF = YES;
				CLANG_WARN_OBJC_LITERAL_CONVERSION = YES;
				CLANG_WARN_OBJC_ROOT_CLASS = YES_ERROR;
				CLANG_WARN_QUOTED_INCLUDE_IN_FRAMEWORK_HEADER = YES;
				CLANG_WARN_RANGE_LOOP_ANALYSIS = YES;
				CLANG_WARN_STRICT_PROTOTYPES = YES;
				CLANG_WARN_SUSPICIOUS_MOVE = YES;
				CLANG_WARN_UNGUARDED_AVAILABILITY = YES_AGGRESSIVE;
				CLANG_WARN_UNREACHABLE_CODE = YES;
				CLANG_WARN__DUPLICATE_METHOD_MATCH = YES;
				COPY_PHASE_STRIP = NO;
				DEBUG_INFORMATION_FORMAT = "dwarf-with-dsym";
				ENABLE_NS_ASSERTIONS = NO;
				ENABLE_STRICT_OBJC_MSGSEND = YES;
				ENABLE_USER_SCRIPT_SANDBOXING = YES;
				GCC_C_LANGUAGE_STANDARD = gnu17;
				GCC_NO_COMMON_BLOCKS = YES;
				GCC_WARN_64_TO_32_BIT_CONVERSION = YES;
				GCC_WARN_ABOUT_RETURN_TYPE = YES_ERROR;
				GCC_WARN_UNDECLARED_SELECTOR = YES;
				GCC_WARN_UNINITIALIZED_AUTOS = YES_AGGRESSIVE;
				GCC_WARN_UNUSED_FUNCTION = YES;
				GCC_WARN_UNUSED_VARIABLE = YES;
				IPHONEOS_DEPLOYMENT_TARGET = 17.0;
				LOCALIZATION_PREFERS_STRING_CATALOGS = YES;
				MTL_ENABLE_DEBUG_INFO = NO;
				MTL_FAST_MATH = YES;
				SDKROOT = iphoneos;
				SWIFT_COMPILATION_MODE = wholemodule;
				VALIDATE_PRODUCT = YES;
			};
			name = Release;
		};
		D0A386A52AFC4E9500C362D5 /* Debug */ = {
			isa = XCBuildConfiguration;
			buildSettings = {
				ASSETCATALOG_COMPILER_APPICON_NAME = AppIcon;
				ASSETCATALOG_COMPILER_GLOBAL_ACCENT_COLOR_NAME = AccentColor;
				CODE_SIGN_STYLE = Automatic;
				CURRENT_PROJECT_VERSION = 1;
				DEVELOPMENT_ASSET_PATHS = "\"hungary/Preview Content\"";
				ENABLE_PREVIEWS = YES;
				GENERATE_INFOPLIST_FILE = YES;
				INFOPLIST_KEY_UIApplicationSceneManifest_Generation = YES;
				INFOPLIST_KEY_UIApplicationSupportsIndirectInputEvents = YES;
				INFOPLIST_KEY_UILaunchScreen_Generation = YES;
				INFOPLIST_KEY_UISupportedInterfaceOrientations_iPad = "UIInterfaceOrientationPortrait UIInterfaceOrientationPortraitUpsideDown UIInterfaceOrientationLandscapeLeft UIInterfaceOrientationLandscapeRight";
				INFOPLIST_KEY_UISupportedInterfaceOrientations_iPhone = "UIInterfaceOrientationPortrait UIInterfaceOrientationLandscapeLeft UIInterfaceOrientationLandscapeRight";
				LD_RUNPATH_SEARCH_PATHS = (
					"$(inherited)",
					"@executable_path/Frameworks",
				);
				MARKETING_VERSION = 1.0;
				PRODUCT_BUNDLE_IDENTIFIER = coms4995.hungary;
				PRODUCT_NAME = "$(TARGET_NAME)";
				SWIFT_EMIT_LOC_STRINGS = YES;
				SWIFT_VERSION = 5.0;
				TARGETED_DEVICE_FAMILY = "1,2";
			};
			name = Debug;
		};
		D0A386A62AFC4E9500C362D5 /* Release */ = {
			isa = XCBuildConfiguration;
			buildSettings = {
				ASSETCATALOG_COMPILER_APPICON_NAME = AppIcon;
				ASSETCATALOG_COMPILER_GLOBAL_ACCENT_COLOR_NAME = AccentColor;
				CODE_SIGN_STYLE = Automatic;
				CURRENT_PROJECT_VERSION = 1;
				DEVELOPMENT_ASSET_PATHS = "\"hungary/Preview Content\"";
				ENABLE_PREVIEWS = YES;
				GENERATE_INFOPLIST_FILE = YES;
				INFOPLIST_KEY_UIApplicationSceneManifest_Generation = YES;
				INFOPLIST_KEY_UIApplicationSupportsIndirectInputEvents = YES;
				INFOPLIST_KEY_UILaunchScreen_Generation = YES;
				INFOPLIST_KEY_UISupportedInterfaceOrientations_iPad = "UIInterfaceOrientationPortrait UIInterfaceOrientationPortraitUpsideDown UIInterfaceOrientationLandscapeLeft UIInterfaceOrientationLandscapeRight";
				INFOPLIST_KEY_UISupportedInterfaceOrientations_iPhone = "UIInterfaceOrientationPortrait UIInterfaceOrientationLandscapeLeft UIInterfaceOrientationLandscapeRight";
				LD_RUNPATH_SEARCH_PATHS = (
					"$(inherited)",
					"@executable_path/Frameworks",
				);
				MARKETING_VERSION = 1.0;
				PRODUCT_BUNDLE_IDENTIFIER = coms4995.hungary;
				PRODUCT_NAME = "$(TARGET_NAME)";
				SWIFT_EMIT_LOC_STRINGS = YES;
				SWIFT_VERSION = 5.0;
				TARGETED_DEVICE_FAMILY = "1,2";
			};
			name = Release;
		};
		D0A386A82AFC4E9500C362D5 /* Debug */ = {
			isa = XCBuildConfiguration;
			buildSettings = {
				ALWAYS_EMBED_SWIFT_STANDARD_LIBRARIES = YES;
				BUNDLE_LOADER = "$(TEST_HOST)";
				CODE_SIGN_STYLE = Automatic;
				CURRENT_PROJECT_VERSION = 1;
				GENERATE_INFOPLIST_FILE = YES;
				IPHONEOS_DEPLOYMENT_TARGET = 17.0;
				MARKETING_VERSION = 1.0;
				PRODUCT_BUNDLE_IDENTIFIER = coms4995.hungaryTests;
				PRODUCT_NAME = "$(TARGET_NAME)";
				SWIFT_EMIT_LOC_STRINGS = NO;
				SWIFT_VERSION = 5.0;
				TARGETED_DEVICE_FAMILY = "1,2";
				TEST_HOST = "$(BUILT_PRODUCTS_DIR)/hungary.app/$(BUNDLE_EXECUTABLE_FOLDER_PATH)/hungary";
			};
			name = Debug;
		};
		D0A386A92AFC4E9500C362D5 /* Release */ = {
			isa = XCBuildConfiguration;
			buildSettings = {
				ALWAYS_EMBED_SWIFT_STANDARD_LIBRARIES = YES;
				BUNDLE_LOADER = "$(TEST_HOST)";
				CODE_SIGN_STYLE = Automatic;
				CURRENT_PROJECT_VERSION = 1;
				GENERATE_INFOPLIST_FILE = YES;
				IPHONEOS_DEPLOYMENT_TARGET = 17.0;
				MARKETING_VERSION = 1.0;
				PRODUCT_BUNDLE_IDENTIFIER = coms4995.hungaryTests;
				PRODUCT_NAME = "$(TARGET_NAME)";
				SWIFT_EMIT_LOC_STRINGS = NO;
				SWIFT_VERSION = 5.0;
				TARGETED_DEVICE_FAMILY = "1,2";
				TEST_HOST = "$(BUILT_PRODUCTS_DIR)/hungary.app/$(BUNDLE_EXECUTABLE_FOLDER_PATH)/hungary";
			};
			name = Release;
		};
		D0A386AB2AFC4E9500C362D5 /* Debug */ = {
			isa = XCBuildConfiguration;
			buildSettings = {
				ALWAYS_EMBED_SWIFT_STANDARD_LIBRARIES = YES;
				CODE_SIGN_STYLE = Automatic;
				CURRENT_PROJECT_VERSION = 1;
				GENERATE_INFOPLIST_FILE = YES;
				MARKETING_VERSION = 1.0;
				PRODUCT_BUNDLE_IDENTIFIER = coms4995.hungaryUITests;
				PRODUCT_NAME = "$(TARGET_NAME)";
				SWIFT_EMIT_LOC_STRINGS = NO;
				SWIFT_VERSION = 5.0;
				TARGETED_DEVICE_FAMILY = "1,2";
				TEST_TARGET_NAME = hungary;
			};
			name = Debug;
		};
		D0A386AC2AFC4E9500C362D5 /* Release */ = {
			isa = XCBuildConfiguration;
			buildSettings = {
				ALWAYS_EMBED_SWIFT_STANDARD_LIBRARIES = YES;
				CODE_SIGN_STYLE = Automatic;
				CURRENT_PROJECT_VERSION = 1;
				GENERATE_INFOPLIST_FILE = YES;
				MARKETING_VERSION = 1.0;
				PRODUCT_BUNDLE_IDENTIFIER = coms4995.hungaryUITests;
				PRODUCT_NAME = "$(TARGET_NAME)";
				SWIFT_EMIT_LOC_STRINGS = NO;
				SWIFT_VERSION = 5.0;
				TARGETED_DEVICE_FAMILY = "1,2";
				TEST_TARGET_NAME = hungary;
			};
			name = Release;
		};
/* End XCBuildConfiguration section */

/* Begin XCConfigurationList section */
		D0A3867B2AFC4E9200C362D5 /* Build configuration list for PBXProject "hungary" */ = {
			isa = XCConfigurationList;
			buildConfigurations = (
				D0A386A22AFC4E9500C362D5 /* Debug */,
				D0A386A32AFC4E9500C362D5 /* Release */,
			);
			defaultConfigurationIsVisible = 0;
			defaultConfigurationName = Release;
		};
		D0A386A42AFC4E9500C362D5 /* Build configuration list for PBXNativeTarget "hungary" */ = {
			isa = XCConfigurationList;
			buildConfigurations = (
				D0A386A52AFC4E9500C362D5 /* Debug */,
				D0A386A62AFC4E9500C362D5 /* Release */,
			);
			defaultConfigurationIsVisible = 0;
			defaultConfigurationName = Release;
		};
		D0A386A72AFC4E9500C362D5 /* Build configuration list for PBXNativeTarget "hungaryTests" */ = {
			isa = XCConfigurationList;
			buildConfigurations = (
				D0A386A82AFC4E9500C362D5 /* Debug */,
				D0A386A92AFC4E9500C362D5 /* Release */,
			);
			defaultConfigurationIsVisible = 0;
			defaultConfigurationName = Release;
		};
		D0A386AA2AFC4E9500C362D5 /* Build configuration list for PBXNativeTarget "hungaryUITests" */ = {
			isa = XCConfigurationList;
			buildConfigurations = (
				D0A386AB2AFC4E9500C362D5 /* Debug */,
				D0A386AC2AFC4E9500C362D5 /* Release */,
			);
			defaultConfigurationIsVisible = 0;
			defaultConfigurationName = Release;
		};
/* End XCConfigurationList section */
	};
	rootObject = D0A386782AFC4E9200C362D5 /* Project object */;
}
