// !$*UTF8*$!
{
	archiveVersion = 1;
	classes = {
	};
	objectVersion = 56;
	objects = {

/* Begin PBXBuildFile section */
		F55C53882AFC4E7700018B40 /* teamhungaryApp.swift in Sources */ = {isa = PBXBuildFile; fileRef = F55C53872AFC4E7700018B40 /* teamhungaryApp.swift */; };
		F55C538A2AFC4E7700018B40 /* ContentView.swift in Sources */ = {isa = PBXBuildFile; fileRef = F55C53892AFC4E7700018B40 /* ContentView.swift */; };
		F55C538C2AFC4E7A00018B40 /* Assets.xcassets in Resources */ = {isa = PBXBuildFile; fileRef = F55C538B2AFC4E7A00018B40 /* Assets.xcassets */; };
		F55C538F2AFC4E7A00018B40 /* Preview Assets.xcassets in Resources */ = {isa = PBXBuildFile; fileRef = F55C538E2AFC4E7A00018B40 /* Preview Assets.xcassets */; };
		F55C53992AFC4E7A00018B40 /* teamhungaryTests.swift in Sources */ = {isa = PBXBuildFile; fileRef = F55C53982AFC4E7A00018B40 /* teamhungaryTests.swift */; };
		F55C53A32AFC4E7B00018B40 /* teamhungaryUITests.swift in Sources */ = {isa = PBXBuildFile; fileRef = F55C53A22AFC4E7B00018B40 /* teamhungaryUITests.swift */; };
		F55C53A52AFC4E7B00018B40 /* teamhungaryUITestsLaunchTests.swift in Sources */ = {isa = PBXBuildFile; fileRef = F55C53A42AFC4E7B00018B40 /* teamhungaryUITestsLaunchTests.swift */; };
		F55C53B22AFC4EEC00018B40 /* ContentView2.swift in Sources */ = {isa = PBXBuildFile; fileRef = F55C53B12AFC4EEC00018B40 /* ContentView2.swift */; };
		F5D3CE8B2AFD3B1800DBFF57 /* AddEventView.swift in Sources */ = {isa = PBXBuildFile; fileRef = F5D3CE8A2AFD3B1800DBFF57 /* AddEventView.swift */; };
		F5D3CE8D2AFD419600DBFF57 /* EventsView.swift in Sources */ = {isa = PBXBuildFile; fileRef = F5D3CE8C2AFD419600DBFF57 /* EventsView.swift */; };
		F5D3CE8F2AFD423500DBFF57 /* MapView.swift in Sources */ = {isa = PBXBuildFile; fileRef = F5D3CE8E2AFD423500DBFF57 /* MapView.swift */; };
		F5D3CE912AFD426100DBFF57 /* EventView.swift in Sources */ = {isa = PBXBuildFile; fileRef = F5D3CE902AFD426100DBFF57 /* EventView.swift */; };
/* End PBXBuildFile section */

/* Begin PBXContainerItemProxy section */
		F55C53952AFC4E7A00018B40 /* PBXContainerItemProxy */ = {
			isa = PBXContainerItemProxy;
			containerPortal = F55C537C2AFC4E7700018B40 /* Project object */;
			proxyType = 1;
			remoteGlobalIDString = F55C53832AFC4E7700018B40;
			remoteInfo = teamhungary;
		};
		F55C539F2AFC4E7B00018B40 /* PBXContainerItemProxy */ = {
			isa = PBXContainerItemProxy;
			containerPortal = F55C537C2AFC4E7700018B40 /* Project object */;
			proxyType = 1;
			remoteGlobalIDString = F55C53832AFC4E7700018B40;
			remoteInfo = teamhungary;
		};
/* End PBXContainerItemProxy section */

/* Begin PBXFileReference section */
		F55C53842AFC4E7700018B40 /* teamhungary.app */ = {isa = PBXFileReference; explicitFileType = wrapper.application; includeInIndex = 0; path = teamhungary.app; sourceTree = BUILT_PRODUCTS_DIR; };
		F55C53872AFC4E7700018B40 /* teamhungaryApp.swift */ = {isa = PBXFileReference; lastKnownFileType = sourcecode.swift; path = teamhungaryApp.swift; sourceTree = "<group>"; };
		F55C53892AFC4E7700018B40 /* ContentView.swift */ = {isa = PBXFileReference; lastKnownFileType = sourcecode.swift; path = ContentView.swift; sourceTree = "<group>"; };
		F55C538B2AFC4E7A00018B40 /* Assets.xcassets */ = {isa = PBXFileReference; lastKnownFileType = folder.assetcatalog; path = Assets.xcassets; sourceTree = "<group>"; };
		F55C538E2AFC4E7A00018B40 /* Preview Assets.xcassets */ = {isa = PBXFileReference; lastKnownFileType = folder.assetcatalog; path = "Preview Assets.xcassets"; sourceTree = "<group>"; };
		F55C53942AFC4E7A00018B40 /* teamhungaryTests.xctest */ = {isa = PBXFileReference; explicitFileType = wrapper.cfbundle; includeInIndex = 0; path = teamhungaryTests.xctest; sourceTree = BUILT_PRODUCTS_DIR; };
		F55C53982AFC4E7A00018B40 /* teamhungaryTests.swift */ = {isa = PBXFileReference; lastKnownFileType = sourcecode.swift; path = teamhungaryTests.swift; sourceTree = "<group>"; };
		F55C539E2AFC4E7B00018B40 /* teamhungaryUITests.xctest */ = {isa = PBXFileReference; explicitFileType = wrapper.cfbundle; includeInIndex = 0; path = teamhungaryUITests.xctest; sourceTree = BUILT_PRODUCTS_DIR; };
		F55C53A22AFC4E7B00018B40 /* teamhungaryUITests.swift */ = {isa = PBXFileReference; lastKnownFileType = sourcecode.swift; path = teamhungaryUITests.swift; sourceTree = "<group>"; };
		F55C53A42AFC4E7B00018B40 /* teamhungaryUITestsLaunchTests.swift */ = {isa = PBXFileReference; lastKnownFileType = sourcecode.swift; path = teamhungaryUITestsLaunchTests.swift; sourceTree = "<group>"; };
		F55C53B12AFC4EEC00018B40 /* ContentView2.swift */ = {isa = PBXFileReference; lastKnownFileType = sourcecode.swift; path = ContentView2.swift; sourceTree = "<group>"; };
		F5D3CE8A2AFD3B1800DBFF57 /* AddEventView.swift */ = {isa = PBXFileReference; lastKnownFileType = sourcecode.swift; path = AddEventView.swift; sourceTree = "<group>"; };
		F5D3CE8C2AFD419600DBFF57 /* EventsView.swift */ = {isa = PBXFileReference; lastKnownFileType = sourcecode.swift; path = EventsView.swift; sourceTree = "<group>"; };
		F5D3CE8E2AFD423500DBFF57 /* MapView.swift */ = {isa = PBXFileReference; lastKnownFileType = sourcecode.swift; path = MapView.swift; sourceTree = "<group>"; };
		F5D3CE902AFD426100DBFF57 /* EventView.swift */ = {isa = PBXFileReference; lastKnownFileType = sourcecode.swift; path = EventView.swift; sourceTree = "<group>"; };
/* End PBXFileReference section */

/* Begin PBXFrameworksBuildPhase section */
		F55C53812AFC4E7700018B40 /* Frameworks */ = {
			isa = PBXFrameworksBuildPhase;
			buildActionMask = 2147483647;
			files = (
			);
			runOnlyForDeploymentPostprocessing = 0;
		};
		F55C53912AFC4E7A00018B40 /* Frameworks */ = {
			isa = PBXFrameworksBuildPhase;
			buildActionMask = 2147483647;
			files = (
			);
			runOnlyForDeploymentPostprocessing = 0;
		};
		F55C539B2AFC4E7B00018B40 /* Frameworks */ = {
			isa = PBXFrameworksBuildPhase;
			buildActionMask = 2147483647;
			files = (
			);
			runOnlyForDeploymentPostprocessing = 0;
		};
/* End PBXFrameworksBuildPhase section */

/* Begin PBXGroup section */
		F55C537B2AFC4E7700018B40 = {
			isa = PBXGroup;
			children = (
				F55C53862AFC4E7700018B40 /* teamhungary */,
				F55C53972AFC4E7A00018B40 /* teamhungaryTests */,
				F55C53A12AFC4E7B00018B40 /* teamhungaryUITests */,
				F55C53852AFC4E7700018B40 /* Products */,
			);
			sourceTree = "<group>";
		};
		F55C53852AFC4E7700018B40 /* Products */ = {
			isa = PBXGroup;
			children = (
				F55C53842AFC4E7700018B40 /* teamhungary.app */,
				F55C53942AFC4E7A00018B40 /* teamhungaryTests.xctest */,
				F55C539E2AFC4E7B00018B40 /* teamhungaryUITests.xctest */,
			);
			name = Products;
			sourceTree = "<group>";
		};
		F55C53862AFC4E7700018B40 /* teamhungary */ = {
			isa = PBXGroup;
			children = (
				F55C53872AFC4E7700018B40 /* teamhungaryApp.swift */,
				F55C53892AFC4E7700018B40 /* ContentView.swift */,
				F5D3CE8A2AFD3B1800DBFF57 /* AddEventView.swift */,
				F5D3CE8E2AFD423500DBFF57 /* MapView.swift */,
				F5D3CE902AFD426100DBFF57 /* EventView.swift */,
				F5D3CE8C2AFD419600DBFF57 /* EventsView.swift */,
				F55C53B12AFC4EEC00018B40 /* ContentView2.swift */,
				F55C538B2AFC4E7A00018B40 /* Assets.xcassets */,
				F55C538D2AFC4E7A00018B40 /* Preview Content */,
			);
			path = teamhungary;
			sourceTree = "<group>";
		};
		F55C538D2AFC4E7A00018B40 /* Preview Content */ = {
			isa = PBXGroup;
			children = (
				F55C538E2AFC4E7A00018B40 /* Preview Assets.xcassets */,
			);
			path = "Preview Content";
			sourceTree = "<group>";
		};
		F55C53972AFC4E7A00018B40 /* teamhungaryTests */ = {
			isa = PBXGroup;
			children = (
				F55C53982AFC4E7A00018B40 /* teamhungaryTests.swift */,
			);
			path = teamhungaryTests;
			sourceTree = "<group>";
		};
		F55C53A12AFC4E7B00018B40 /* teamhungaryUITests */ = {
			isa = PBXGroup;
			children = (
				F55C53A22AFC4E7B00018B40 /* teamhungaryUITests.swift */,
				F55C53A42AFC4E7B00018B40 /* teamhungaryUITestsLaunchTests.swift */,
			);
			path = teamhungaryUITests;
			sourceTree = "<group>";
		};
/* End PBXGroup section */

/* Begin PBXNativeTarget section */
		F55C53832AFC4E7700018B40 /* teamhungary */ = {
			isa = PBXNativeTarget;
			buildConfigurationList = F55C53A82AFC4E7B00018B40 /* Build configuration list for PBXNativeTarget "teamhungary" */;
			buildPhases = (
				F55C53802AFC4E7700018B40 /* Sources */,
				F55C53812AFC4E7700018B40 /* Frameworks */,
				F55C53822AFC4E7700018B40 /* Resources */,
			);
			buildRules = (
			);
			dependencies = (
			);
			name = teamhungary;
			productName = teamhungary;
			productReference = F55C53842AFC4E7700018B40 /* teamhungary.app */;
			productType = "com.apple.product-type.application";
		};
		F55C53932AFC4E7A00018B40 /* teamhungaryTests */ = {
			isa = PBXNativeTarget;
			buildConfigurationList = F55C53AB2AFC4E7B00018B40 /* Build configuration list for PBXNativeTarget "teamhungaryTests" */;
			buildPhases = (
				F55C53902AFC4E7A00018B40 /* Sources */,
				F55C53912AFC4E7A00018B40 /* Frameworks */,
				F55C53922AFC4E7A00018B40 /* Resources */,
			);
			buildRules = (
			);
			dependencies = (
				F55C53962AFC4E7A00018B40 /* PBXTargetDependency */,
			);
			name = teamhungaryTests;
			productName = teamhungaryTests;
			productReference = F55C53942AFC4E7A00018B40 /* teamhungaryTests.xctest */;
			productType = "com.apple.product-type.bundle.unit-test";
		};
		F55C539D2AFC4E7B00018B40 /* teamhungaryUITests */ = {
			isa = PBXNativeTarget;
			buildConfigurationList = F55C53AE2AFC4E7B00018B40 /* Build configuration list for PBXNativeTarget "teamhungaryUITests" */;
			buildPhases = (
				F55C539A2AFC4E7B00018B40 /* Sources */,
				F55C539B2AFC4E7B00018B40 /* Frameworks */,
				F55C539C2AFC4E7B00018B40 /* Resources */,
			);
			buildRules = (
			);
			dependencies = (
				F55C53A02AFC4E7B00018B40 /* PBXTargetDependency */,
			);
			name = teamhungaryUITests;
			productName = teamhungaryUITests;
			productReference = F55C539E2AFC4E7B00018B40 /* teamhungaryUITests.xctest */;
			productType = "com.apple.product-type.bundle.ui-testing";
		};
/* End PBXNativeTarget section */

/* Begin PBXProject section */
		F55C537C2AFC4E7700018B40 /* Project object */ = {
			isa = PBXProject;
			attributes = {
				BuildIndependentTargetsInParallel = 1;
				LastSwiftUpdateCheck = 1430;
				LastUpgradeCheck = 1430;
				TargetAttributes = {
					F55C53832AFC4E7700018B40 = {
						CreatedOnToolsVersion = 14.3.1;
					};
					F55C53932AFC4E7A00018B40 = {
						CreatedOnToolsVersion = 14.3.1;
						TestTargetID = F55C53832AFC4E7700018B40;
					};
					F55C539D2AFC4E7B00018B40 = {
						CreatedOnToolsVersion = 14.3.1;
						TestTargetID = F55C53832AFC4E7700018B40;
					};
				};
			};
			buildConfigurationList = F55C537F2AFC4E7700018B40 /* Build configuration list for PBXProject "teamhungary" */;
			compatibilityVersion = "Xcode 14.0";
			developmentRegion = en;
			hasScannedForEncodings = 0;
			knownRegions = (
				en,
				Base,
			);
			mainGroup = F55C537B2AFC4E7700018B40;
			productRefGroup = F55C53852AFC4E7700018B40 /* Products */;
			projectDirPath = "";
			projectRoot = "";
			targets = (
				F55C53832AFC4E7700018B40 /* teamhungary */,
				F55C53932AFC4E7A00018B40 /* teamhungaryTests */,
				F55C539D2AFC4E7B00018B40 /* teamhungaryUITests */,
			);
		};
/* End PBXProject section */

/* Begin PBXResourcesBuildPhase section */
		F55C53822AFC4E7700018B40 /* Resources */ = {
			isa = PBXResourcesBuildPhase;
			buildActionMask = 2147483647;
			files = (
				F55C538F2AFC4E7A00018B40 /* Preview Assets.xcassets in Resources */,
				F55C538C2AFC4E7A00018B40 /* Assets.xcassets in Resources */,
			);
			runOnlyForDeploymentPostprocessing = 0;
		};
		F55C53922AFC4E7A00018B40 /* Resources */ = {
			isa = PBXResourcesBuildPhase;
			buildActionMask = 2147483647;
			files = (
			);
			runOnlyForDeploymentPostprocessing = 0;
		};
		F55C539C2AFC4E7B00018B40 /* Resources */ = {
			isa = PBXResourcesBuildPhase;
			buildActionMask = 2147483647;
			files = (
			);
			runOnlyForDeploymentPostprocessing = 0;
		};
/* End PBXResourcesBuildPhase section */

/* Begin PBXSourcesBuildPhase section */
		F55C53802AFC4E7700018B40 /* Sources */ = {
			isa = PBXSourcesBuildPhase;
			buildActionMask = 2147483647;
			files = (
				F55C53B22AFC4EEC00018B40 /* ContentView2.swift in Sources */,
				F5D3CE912AFD426100DBFF57 /* EventView.swift in Sources */,
				F5D3CE8F2AFD423500DBFF57 /* MapView.swift in Sources */,
				F5D3CE8D2AFD419600DBFF57 /* EventsView.swift in Sources */,
				F55C538A2AFC4E7700018B40 /* ContentView.swift in Sources */,
				F55C53882AFC4E7700018B40 /* teamhungaryApp.swift in Sources */,
				F5D3CE8B2AFD3B1800DBFF57 /* AddEventView.swift in Sources */,
			);
			runOnlyForDeploymentPostprocessing = 0;
		};
		F55C53902AFC4E7A00018B40 /* Sources */ = {
			isa = PBXSourcesBuildPhase;
			buildActionMask = 2147483647;
			files = (
				F55C53992AFC4E7A00018B40 /* teamhungaryTests.swift in Sources */,
			);
			runOnlyForDeploymentPostprocessing = 0;
		};
		F55C539A2AFC4E7B00018B40 /* Sources */ = {
			isa = PBXSourcesBuildPhase;
			buildActionMask = 2147483647;
			files = (
				F55C53A52AFC4E7B00018B40 /* teamhungaryUITestsLaunchTests.swift in Sources */,
				F55C53A32AFC4E7B00018B40 /* teamhungaryUITests.swift in Sources */,
			);
			runOnlyForDeploymentPostprocessing = 0;
		};
/* End PBXSourcesBuildPhase section */

/* Begin PBXTargetDependency section */
		F55C53962AFC4E7A00018B40 /* PBXTargetDependency */ = {
			isa = PBXTargetDependency;
			target = F55C53832AFC4E7700018B40 /* teamhungary */;
			targetProxy = F55C53952AFC4E7A00018B40 /* PBXContainerItemProxy */;
		};
		F55C53A02AFC4E7B00018B40 /* PBXTargetDependency */ = {
			isa = PBXTargetDependency;
			target = F55C53832AFC4E7700018B40 /* teamhungary */;
			targetProxy = F55C539F2AFC4E7B00018B40 /* PBXContainerItemProxy */;
		};
/* End PBXTargetDependency section */

/* Begin XCBuildConfiguration section */
		F55C53A62AFC4E7B00018B40 /* Debug */ = {
			isa = XCBuildConfiguration;
			buildSettings = {
				ALWAYS_SEARCH_USER_PATHS = NO;
				CLANG_ANALYZER_NONNULL = YES;
				CLANG_ANALYZER_NUMBER_OBJECT_CONVERSION = YES_AGGRESSIVE;
				CLANG_CXX_LANGUAGE_STANDARD = "gnu++20";
				CLANG_ENABLE_MODULES = YES;
				CLANG_ENABLE_OBJC_ARC = YES;
				CLANG_ENABLE_OBJC_WEAK = YES;
				CLANG_WARN_BLOCK_CAPTURE_AUTORELEASING = YES;
				CLANG_WARN_BOOL_CONVERSION = YES;
				CLANG_WARN_COMMA = YES;
				CLANG_WARN_CONSTANT_CONVERSION = YES;
				CLANG_WARN_DEPRECATED_OBJC_IMPLEMENTATIONS = YES;
				CLANG_WARN_DIRECT_OBJC_ISA_USAGE = YES_ERROR;
				CLANG_WARN_DOCUMENTATION_COMMENTS = YES;
				CLANG_WARN_EMPTY_BODY = YES;
				CLANG_WARN_ENUM_CONVERSION = YES;
				CLANG_WARN_INFINITE_RECURSION = YES;
				CLANG_WARN_INT_CONVERSION = YES;
				CLANG_WARN_NON_LITERAL_NULL_CONVERSION = YES;
				CLANG_WARN_OBJC_IMPLICIT_RETAIN_SELF = YES;
				CLANG_WARN_OBJC_LITERAL_CONVERSION = YES;
				CLANG_WARN_OBJC_ROOT_CLASS = YES_ERROR;
				CLANG_WARN_QUOTED_INCLUDE_IN_FRAMEWORK_HEADER = YES;
				CLANG_WARN_RANGE_LOOP_ANALYSIS = YES;
				CLANG_WARN_STRICT_PROTOTYPES = YES;
				CLANG_WARN_SUSPICIOUS_MOVE = YES;
				CLANG_WARN_UNGUARDED_AVAILABILITY = YES_AGGRESSIVE;
				CLANG_WARN_UNREACHABLE_CODE = YES;
				CLANG_WARN__DUPLICATE_METHOD_MATCH = YES;
				COPY_PHASE_STRIP = NO;
				DEBUG_INFORMATION_FORMAT = dwarf;
				ENABLE_STRICT_OBJC_MSGSEND = YES;
				ENABLE_TESTABILITY = YES;
				GCC_C_LANGUAGE_STANDARD = gnu11;
				GCC_DYNAMIC_NO_PIC = NO;
				GCC_NO_COMMON_BLOCKS = YES;
				GCC_OPTIMIZATION_LEVEL = 0;
				GCC_PREPROCESSOR_DEFINITIONS = (
					"DEBUG=1",
					"$(inherited)",
				);
				GCC_WARN_64_TO_32_BIT_CONVERSION = YES;
				GCC_WARN_ABOUT_RETURN_TYPE = YES_ERROR;
				GCC_WARN_UNDECLARED_SELECTOR = YES;
				GCC_WARN_UNINITIALIZED_AUTOS = YES_AGGRESSIVE;
				GCC_WARN_UNUSED_FUNCTION = YES;
				GCC_WARN_UNUSED_VARIABLE = YES;
				IPHONEOS_DEPLOYMENT_TARGET = 16.4;
				MTL_ENABLE_DEBUG_INFO = INCLUDE_SOURCE;
				MTL_FAST_MATH = YES;
				ONLY_ACTIVE_ARCH = YES;
				SDKROOT = iphoneos;
				SWIFT_ACTIVE_COMPILATION_CONDITIONS = DEBUG;
				SWIFT_OPTIMIZATION_LEVEL = "-Onone";
			};
			name = Debug;
		};
		F55C53A72AFC4E7B00018B40 /* Release */ = {
			isa = XCBuildConfiguration;
			buildSettings = {
				ALWAYS_SEARCH_USER_PATHS = NO;
				CLANG_ANALYZER_NONNULL = YES;
				CLANG_ANALYZER_NUMBER_OBJECT_CONVERSION = YES_AGGRESSIVE;
				CLANG_CXX_LANGUAGE_STANDARD = "gnu++20";
				CLANG_ENABLE_MODULES = YES;
				CLANG_ENABLE_OBJC_ARC = YES;
				CLANG_ENABLE_OBJC_WEAK = YES;
				CLANG_WARN_BLOCK_CAPTURE_AUTORELEASING = YES;
				CLANG_WARN_BOOL_CONVERSION = YES;
				CLANG_WARN_COMMA = YES;
				CLANG_WARN_CONSTANT_CONVERSION = YES;
				CLANG_WARN_DEPRECATED_OBJC_IMPLEMENTATIONS = YES;
				CLANG_WARN_DIRECT_OBJC_ISA_USAGE = YES_ERROR;
				CLANG_WARN_DOCUMENTATION_COMMENTS = YES;
				CLANG_WARN_EMPTY_BODY = YES;
				CLANG_WARN_ENUM_CONVERSION = YES;
				CLANG_WARN_INFINITE_RECURSION = YES;
				CLANG_WARN_INT_CONVERSION = YES;
				CLANG_WARN_NON_LITERAL_NULL_CONVERSION = YES;
				CLANG_WARN_OBJC_IMPLICIT_RETAIN_SELF = YES;
				CLANG_WARN_OBJC_LITERAL_CONVERSION = YES;
				CLANG_WARN_OBJC_ROOT_CLASS = YES_ERROR;
				CLANG_WARN_QUOTED_INCLUDE_IN_FRAMEWORK_HEADER = YES;
				CLANG_WARN_RANGE_LOOP_ANALYSIS = YES;
				CLANG_WARN_STRICT_PROTOTYPES = YES;
				CLANG_WARN_SUSPICIOUS_MOVE = YES;
				CLANG_WARN_UNGUARDED_AVAILABILITY = YES_AGGRESSIVE;
				CLANG_WARN_UNREACHABLE_CODE = YES;
				CLANG_WARN__DUPLICATE_METHOD_MATCH = YES;
				COPY_PHASE_STRIP = NO;
				DEBUG_INFORMATION_FORMAT = "dwarf-with-dsym";
				ENABLE_NS_ASSERTIONS = NO;
				ENABLE_STRICT_OBJC_MSGSEND = YES;
				GCC_C_LANGUAGE_STANDARD = gnu11;
				GCC_NO_COMMON_BLOCKS = YES;
				GCC_WARN_64_TO_32_BIT_CONVERSION = YES;
				GCC_WARN_ABOUT_RETURN_TYPE = YES_ERROR;
				GCC_WARN_UNDECLARED_SELECTOR = YES;
				GCC_WARN_UNINITIALIZED_AUTOS = YES_AGGRESSIVE;
				GCC_WARN_UNUSED_FUNCTION = YES;
				GCC_WARN_UNUSED_VARIABLE = YES;
				IPHONEOS_DEPLOYMENT_TARGET = 16.4;
				MTL_ENABLE_DEBUG_INFO = NO;
				MTL_FAST_MATH = YES;
				SDKROOT = iphoneos;
				SWIFT_COMPILATION_MODE = wholemodule;
				SWIFT_OPTIMIZATION_LEVEL = "-O";
				VALIDATE_PRODUCT = YES;
			};
			name = Release;
		};
		F55C53A92AFC4E7B00018B40 /* Debug */ = {
			isa = XCBuildConfiguration;
			buildSettings = {
				ASSETCATALOG_COMPILER_APPICON_NAME = AppIcon;
				ASSETCATALOG_COMPILER_GLOBAL_ACCENT_COLOR_NAME = AccentColor;
				CODE_SIGN_STYLE = Automatic;
				CURRENT_PROJECT_VERSION = 1;
				DEVELOPMENT_ASSET_PATHS = "\"teamhungary/Preview Content\"";
				DEVELOPMENT_TEAM = 6KPKXP4FH6;
				ENABLE_PREVIEWS = YES;
				GENERATE_INFOPLIST_FILE = YES;
				INFOPLIST_KEY_UIApplicationSceneManifest_Generation = YES;
				INFOPLIST_KEY_UIApplicationSupportsIndirectInputEvents = YES;
				INFOPLIST_KEY_UILaunchScreen_Generation = YES;
				INFOPLIST_KEY_UISupportedInterfaceOrientations_iPad = "UIInterfaceOrientationPortrait UIInterfaceOrientationPortraitUpsideDown UIInterfaceOrientationLandscapeLeft UIInterfaceOrientationLandscapeRight";
				INFOPLIST_KEY_UISupportedInterfaceOrientations_iPhone = "UIInterfaceOrientationPortrait UIInterfaceOrientationLandscapeLeft UIInterfaceOrientationLandscapeRight";
				LD_RUNPATH_SEARCH_PATHS = (
					"$(inherited)",
					"@executable_path/Frameworks",
				);
				MARKETING_VERSION = 1.0;
				PRODUCT_BUNDLE_IDENTIFIER = edu.columbia.teamhungary;
				PRODUCT_NAME = "$(TARGET_NAME)";
				SWIFT_EMIT_LOC_STRINGS = YES;
				SWIFT_VERSION = 5.0;
				TARGETED_DEVICE_FAMILY = "1,2";
			};
			name = Debug;
		};
		F55C53AA2AFC4E7B00018B40 /* Release */ = {
			isa = XCBuildConfiguration;
			buildSettings = {
				ASSETCATALOG_COMPILER_APPICON_NAME = AppIcon;
				ASSETCATALOG_COMPILER_GLOBAL_ACCENT_COLOR_NAME = AccentColor;
				CODE_SIGN_STYLE = Automatic;
				CURRENT_PROJECT_VERSION = 1;
				DEVELOPMENT_ASSET_PATHS = "\"teamhungary/Preview Content\"";
				DEVELOPMENT_TEAM = 6KPKXP4FH6;
				ENABLE_PREVIEWS = YES;
				GENERATE_INFOPLIST_FILE = YES;
				INFOPLIST_KEY_UIApplicationSceneManifest_Generation = YES;
				INFOPLIST_KEY_UIApplicationSupportsIndirectInputEvents = YES;
				INFOPLIST_KEY_UILaunchScreen_Generation = YES;
				INFOPLIST_KEY_UISupportedInterfaceOrientations_iPad = "UIInterfaceOrientationPortrait UIInterfaceOrientationPortraitUpsideDown UIInterfaceOrientationLandscapeLeft UIInterfaceOrientationLandscapeRight";
				INFOPLIST_KEY_UISupportedInterfaceOrientations_iPhone = "UIInterfaceOrientationPortrait UIInterfaceOrientationLandscapeLeft UIInterfaceOrientationLandscapeRight";
				LD_RUNPATH_SEARCH_PATHS = (
					"$(inherited)",
					"@executable_path/Frameworks",
				);
				MARKETING_VERSION = 1.0;
				PRODUCT_BUNDLE_IDENTIFIER = edu.columbia.teamhungary;
				PRODUCT_NAME = "$(TARGET_NAME)";
				SWIFT_EMIT_LOC_STRINGS = YES;
				SWIFT_VERSION = 5.0;
				TARGETED_DEVICE_FAMILY = "1,2";
			};
			name = Release;
		};
		F55C53AC2AFC4E7B00018B40 /* Debug */ = {
			isa = XCBuildConfiguration;
			buildSettings = {
				ALWAYS_EMBED_SWIFT_STANDARD_LIBRARIES = YES;
				BUNDLE_LOADER = "$(TEST_HOST)";
				CODE_SIGN_STYLE = Automatic;
				CURRENT_PROJECT_VERSION = 1;
				DEVELOPMENT_TEAM = 6KPKXP4FH6;
				GENERATE_INFOPLIST_FILE = YES;
				IPHONEOS_DEPLOYMENT_TARGET = 16.4;
				MARKETING_VERSION = 1.0;
				PRODUCT_BUNDLE_IDENTIFIER = edu.columbia.teamhungaryTests;
				PRODUCT_NAME = "$(TARGET_NAME)";
				SWIFT_EMIT_LOC_STRINGS = NO;
				SWIFT_VERSION = 5.0;
				TARGETED_DEVICE_FAMILY = "1,2";
				TEST_HOST = "$(BUILT_PRODUCTS_DIR)/teamhungary.app/$(BUNDLE_EXECUTABLE_FOLDER_PATH)/teamhungary";
			};
			name = Debug;
		};
		F55C53AD2AFC4E7B00018B40 /* Release */ = {
			isa = XCBuildConfiguration;
			buildSettings = {
				ALWAYS_EMBED_SWIFT_STANDARD_LIBRARIES = YES;
				BUNDLE_LOADER = "$(TEST_HOST)";
				CODE_SIGN_STYLE = Automatic;
				CURRENT_PROJECT_VERSION = 1;
				DEVELOPMENT_TEAM = 6KPKXP4FH6;
				GENERATE_INFOPLIST_FILE = YES;
				IPHONEOS_DEPLOYMENT_TARGET = 16.4;
				MARKETING_VERSION = 1.0;
				PRODUCT_BUNDLE_IDENTIFIER = edu.columbia.teamhungaryTests;
				PRODUCT_NAME = "$(TARGET_NAME)";
				SWIFT_EMIT_LOC_STRINGS = NO;
				SWIFT_VERSION = 5.0;
				TARGETED_DEVICE_FAMILY = "1,2";
				TEST_HOST = "$(BUILT_PRODUCTS_DIR)/teamhungary.app/$(BUNDLE_EXECUTABLE_FOLDER_PATH)/teamhungary";
			};
			name = Release;
		};
		F55C53AF2AFC4E7B00018B40 /* Debug */ = {
			isa = XCBuildConfiguration;
			buildSettings = {
				ALWAYS_EMBED_SWIFT_STANDARD_LIBRARIES = YES;
				CODE_SIGN_STYLE = Automatic;
				CURRENT_PROJECT_VERSION = 1;
				DEVELOPMENT_TEAM = 6KPKXP4FH6;
				GENERATE_INFOPLIST_FILE = YES;
				MARKETING_VERSION = 1.0;
				PRODUCT_BUNDLE_IDENTIFIER = edu.columbia.teamhungaryUITests;
				PRODUCT_NAME = "$(TARGET_NAME)";
				SWIFT_EMIT_LOC_STRINGS = NO;
				SWIFT_VERSION = 5.0;
				TARGETED_DEVICE_FAMILY = "1,2";
				TEST_TARGET_NAME = teamhungary;
			};
			name = Debug;
		};
		F55C53B02AFC4E7B00018B40 /* Release */ = {
			isa = XCBuildConfiguration;
			buildSettings = {
				ALWAYS_EMBED_SWIFT_STANDARD_LIBRARIES = YES;
				CODE_SIGN_STYLE = Automatic;
				CURRENT_PROJECT_VERSION = 1;
				DEVELOPMENT_TEAM = 6KPKXP4FH6;
				GENERATE_INFOPLIST_FILE = YES;
				MARKETING_VERSION = 1.0;
				PRODUCT_BUNDLE_IDENTIFIER = edu.columbia.teamhungaryUITests;
				PRODUCT_NAME = "$(TARGET_NAME)";
				SWIFT_EMIT_LOC_STRINGS = NO;
				SWIFT_VERSION = 5.0;
				TARGETED_DEVICE_FAMILY = "1,2";
				TEST_TARGET_NAME = teamhungary;
			};
			name = Release;
		};
/* End XCBuildConfiguration section */

/* Begin XCConfigurationList section */
		F55C537F2AFC4E7700018B40 /* Build configuration list for PBXProject "teamhungary" */ = {
			isa = XCConfigurationList;
			buildConfigurations = (
				F55C53A62AFC4E7B00018B40 /* Debug */,
				F55C53A72AFC4E7B00018B40 /* Release */,
			);
			defaultConfigurationIsVisible = 0;
			defaultConfigurationName = Release;
		};
		F55C53A82AFC4E7B00018B40 /* Build configuration list for PBXNativeTarget "teamhungary" */ = {
			isa = XCConfigurationList;
			buildConfigurations = (
				F55C53A92AFC4E7B00018B40 /* Debug */,
				F55C53AA2AFC4E7B00018B40 /* Release */,
			);
			defaultConfigurationIsVisible = 0;
			defaultConfigurationName = Release;
		};
		F55C53AB2AFC4E7B00018B40 /* Build configuration list for PBXNativeTarget "teamhungaryTests" */ = {
			isa = XCConfigurationList;
			buildConfigurations = (
				F55C53AC2AFC4E7B00018B40 /* Debug */,
				F55C53AD2AFC4E7B00018B40 /* Release */,
			);
			defaultConfigurationIsVisible = 0;
			defaultConfigurationName = Release;
		};
		F55C53AE2AFC4E7B00018B40 /* Build configuration list for PBXNativeTarget "teamhungaryUITests" */ = {
			isa = XCConfigurationList;
			buildConfigurations = (
				F55C53AF2AFC4E7B00018B40 /* Debug */,
				F55C53B02AFC4E7B00018B40 /* Release */,
			);
			defaultConfigurationIsVisible = 0;
			defaultConfigurationName = Release;
		};
/* End XCConfigurationList section */
	};
	rootObject = F55C537C2AFC4E7700018B40 /* Project object */;
}
