// !$*UTF8*$!
{
	archiveVersion = 1;
	classes = {
	};
	objectVersion = 56;
	objects = {

/* Begin PBXBuildFile section */
		D039363D2AFD5AD600ECA4BE /* teamhungaryApp.swift in Sources */ = {isa = PBXBuildFile; fileRef = D039363C2AFD5AD600ECA4BE /* teamhungaryApp.swift */; };
		D039363F2AFD5AD600ECA4BE /* ContentView.swift in Sources */ = {isa = PBXBuildFile; fileRef = D039363E2AFD5AD600ECA4BE /* ContentView.swift */; };
		D03936412AFD5AD700ECA4BE /* Assets.xcassets in Resources */ = {isa = PBXBuildFile; fileRef = D03936402AFD5AD700ECA4BE /* Assets.xcassets */; };
		D03936442AFD5AD700ECA4BE /* Preview Assets.xcassets in Resources */ = {isa = PBXBuildFile; fileRef = D03936432AFD5AD700ECA4BE /* Preview Assets.xcassets */; };
		D039364E2AFD5AD800ECA4BE /* teamhungaryTests.swift in Sources */ = {isa = PBXBuildFile; fileRef = D039364D2AFD5AD800ECA4BE /* teamhungaryTests.swift */; };
		D03936582AFD5AD800ECA4BE /* teamhungaryUITests.swift in Sources */ = {isa = PBXBuildFile; fileRef = D03936572AFD5AD800ECA4BE /* teamhungaryUITests.swift */; };
		D039365A2AFD5AD800ECA4BE /* teamhungaryUITestsLaunchTests.swift in Sources */ = {isa = PBXBuildFile; fileRef = D03936592AFD5AD800ECA4BE /* teamhungaryUITestsLaunchTests.swift */; };
/* End PBXBuildFile section */

/* Begin PBXContainerItemProxy section */
		D039364A2AFD5AD800ECA4BE /* PBXContainerItemProxy */ = {
			isa = PBXContainerItemProxy;
			containerPortal = D03936312AFD5AD600ECA4BE /* Project object */;
			proxyType = 1;
			remoteGlobalIDString = D03936382AFD5AD600ECA4BE;
			remoteInfo = teamhungary;
		};
		D03936542AFD5AD800ECA4BE /* PBXContainerItemProxy */ = {
			isa = PBXContainerItemProxy;
			containerPortal = D03936312AFD5AD600ECA4BE /* Project object */;
			proxyType = 1;
			remoteGlobalIDString = D03936382AFD5AD600ECA4BE;
			remoteInfo = teamhungary;
		};
/* End PBXContainerItemProxy section */

/* Begin PBXFileReference section */
		D03936392AFD5AD600ECA4BE /* teamhungary.app */ = {isa = PBXFileReference; explicitFileType = wrapper.application; includeInIndex = 0; path = teamhungary.app; sourceTree = BUILT_PRODUCTS_DIR; };
		D039363C2AFD5AD600ECA4BE /* teamhungaryApp.swift */ = {isa = PBXFileReference; lastKnownFileType = sourcecode.swift; path = teamhungaryApp.swift; sourceTree = "<group>"; };
		D039363E2AFD5AD600ECA4BE /* ContentView.swift */ = {isa = PBXFileReference; lastKnownFileType = sourcecode.swift; path = ContentView.swift; sourceTree = "<group>"; };
		D03936402AFD5AD700ECA4BE /* Assets.xcassets */ = {isa = PBXFileReference; lastKnownFileType = folder.assetcatalog; path = Assets.xcassets; sourceTree = "<group>"; };
		D03936432AFD5AD700ECA4BE /* Preview Assets.xcassets */ = {isa = PBXFileReference; lastKnownFileType = folder.assetcatalog; path = "Preview Assets.xcassets"; sourceTree = "<group>"; };
		D03936492AFD5AD800ECA4BE /* teamhungaryTests.xctest */ = {isa = PBXFileReference; explicitFileType = wrapper.cfbundle; includeInIndex = 0; path = teamhungaryTests.xctest; sourceTree = BUILT_PRODUCTS_DIR; };
		D039364D2AFD5AD800ECA4BE /* teamhungaryTests.swift */ = {isa = PBXFileReference; lastKnownFileType = sourcecode.swift; path = teamhungaryTests.swift; sourceTree = "<group>"; };
		D03936532AFD5AD800ECA4BE /* teamhungaryUITests.xctest */ = {isa = PBXFileReference; explicitFileType = wrapper.cfbundle; includeInIndex = 0; path = teamhungaryUITests.xctest; sourceTree = BUILT_PRODUCTS_DIR; };
		D03936572AFD5AD800ECA4BE /* teamhungaryUITests.swift */ = {isa = PBXFileReference; lastKnownFileType = sourcecode.swift; path = teamhungaryUITests.swift; sourceTree = "<group>"; };
		D03936592AFD5AD800ECA4BE /* teamhungaryUITestsLaunchTests.swift */ = {isa = PBXFileReference; lastKnownFileType = sourcecode.swift; path = teamhungaryUITestsLaunchTests.swift; sourceTree = "<group>"; };
/* End PBXFileReference section */

/* Begin PBXFrameworksBuildPhase section */
		D03936362AFD5AD600ECA4BE /* Frameworks */ = {
			isa = PBXFrameworksBuildPhase;
			buildActionMask = 2147483647;
			files = (
			);
			runOnlyForDeploymentPostprocessing = 0;
		};
		D03936462AFD5AD800ECA4BE /* Frameworks */ = {
			isa = PBXFrameworksBuildPhase;
			buildActionMask = 2147483647;
			files = (
			);
			runOnlyForDeploymentPostprocessing = 0;
		};
		D03936502AFD5AD800ECA4BE /* Frameworks */ = {
			isa = PBXFrameworksBuildPhase;
			buildActionMask = 2147483647;
			files = (
			);
			runOnlyForDeploymentPostprocessing = 0;
		};
/* End PBXFrameworksBuildPhase section */

/* Begin PBXGroup section */
		D03936302AFD5AD600ECA4BE = {
			isa = PBXGroup;
			children = (
				D039363B2AFD5AD600ECA4BE /* teamhungary */,
				D039364C2AFD5AD800ECA4BE /* teamhungaryTests */,
				D03936562AFD5AD800ECA4BE /* teamhungaryUITests */,
				D039363A2AFD5AD600ECA4BE /* Products */,
			);
			sourceTree = "<group>";
		};
		D039363A2AFD5AD600ECA4BE /* Products */ = {
			isa = PBXGroup;
			children = (
				D03936392AFD5AD600ECA4BE /* teamhungary.app */,
				D03936492AFD5AD800ECA4BE /* teamhungaryTests.xctest */,
				D03936532AFD5AD800ECA4BE /* teamhungaryUITests.xctest */,
			);
			name = Products;
			sourceTree = "<group>";
		};
		D039363B2AFD5AD600ECA4BE /* teamhungary */ = {
			isa = PBXGroup;
			children = (
				D039363C2AFD5AD600ECA4BE /* teamhungaryApp.swift */,
				D039363E2AFD5AD600ECA4BE /* ContentView.swift */,
				D03936402AFD5AD700ECA4BE /* Assets.xcassets */,
				D03936422AFD5AD700ECA4BE /* Preview Content */,
			);
			path = teamhungary;
			sourceTree = "<group>";
		};
		D03936422AFD5AD700ECA4BE /* Preview Content */ = {
			isa = PBXGroup;
			children = (
				D03936432AFD5AD700ECA4BE /* Preview Assets.xcassets */,
			);
			path = "Preview Content";
			sourceTree = "<group>";
		};
		D039364C2AFD5AD800ECA4BE /* teamhungaryTests */ = {
			isa = PBXGroup;
			children = (
				D039364D2AFD5AD800ECA4BE /* teamhungaryTests.swift */,
			);
			path = teamhungaryTests;
			sourceTree = "<group>";
		};
		D03936562AFD5AD800ECA4BE /* teamhungaryUITests */ = {
			isa = PBXGroup;
			children = (
				D03936572AFD5AD800ECA4BE /* teamhungaryUITests.swift */,
				D03936592AFD5AD800ECA4BE /* teamhungaryUITestsLaunchTests.swift */,
			);
			path = teamhungaryUITests;
			sourceTree = "<group>";
		};
/* End PBXGroup section */

/* Begin PBXNativeTarget section */
		D03936382AFD5AD600ECA4BE /* teamhungary */ = {
			isa = PBXNativeTarget;
			buildConfigurationList = D039365D2AFD5AD800ECA4BE /* Build configuration list for PBXNativeTarget "teamhungary" */;
			buildPhases = (
				D03936352AFD5AD600ECA4BE /* Sources */,
				D03936362AFD5AD600ECA4BE /* Frameworks */,
				D03936372AFD5AD600ECA4BE /* Resources */,
			);
			buildRules = (
			);
			dependencies = (
			);
			name = teamhungary;
			productName = teamhungary;
			productReference = D03936392AFD5AD600ECA4BE /* teamhungary.app */;
			productType = "com.apple.product-type.application";
		};
		D03936482AFD5AD800ECA4BE /* teamhungaryTests */ = {
			isa = PBXNativeTarget;
			buildConfigurationList = D03936602AFD5AD800ECA4BE /* Build configuration list for PBXNativeTarget "teamhungaryTests" */;
			buildPhases = (
				D03936452AFD5AD800ECA4BE /* Sources */,
				D03936462AFD5AD800ECA4BE /* Frameworks */,
				D03936472AFD5AD800ECA4BE /* Resources */,
			);
			buildRules = (
			);
			dependencies = (
				D039364B2AFD5AD800ECA4BE /* PBXTargetDependency */,
			);
			name = teamhungaryTests;
			productName = teamhungaryTests;
			productReference = D03936492AFD5AD800ECA4BE /* teamhungaryTests.xctest */;
			productType = "com.apple.product-type.bundle.unit-test";
		};
		D03936522AFD5AD800ECA4BE /* teamhungaryUITests */ = {
			isa = PBXNativeTarget;
			buildConfigurationList = D03936632AFD5AD800ECA4BE /* Build configuration list for PBXNativeTarget "teamhungaryUITests" */;
			buildPhases = (
				D039364F2AFD5AD800ECA4BE /* Sources */,
				D03936502AFD5AD800ECA4BE /* Frameworks */,
				D03936512AFD5AD800ECA4BE /* Resources */,
			);
			buildRules = (
			);
			dependencies = (
				D03936552AFD5AD800ECA4BE /* PBXTargetDependency */,
			);
			name = teamhungaryUITests;
			productName = teamhungaryUITests;
			productReference = D03936532AFD5AD800ECA4BE /* teamhungaryUITests.xctest */;
			productType = "com.apple.product-type.bundle.ui-testing";
		};
/* End PBXNativeTarget section */

/* Begin PBXProject section */
		D03936312AFD5AD600ECA4BE /* Project object */ = {
			isa = PBXProject;
			attributes = {
				BuildIndependentTargetsInParallel = 1;
				LastSwiftUpdateCheck = 1500;
				LastUpgradeCheck = 1500;
				TargetAttributes = {
					D03936382AFD5AD600ECA4BE = {
						CreatedOnToolsVersion = 15.0.1;
					};
					D03936482AFD5AD800ECA4BE = {
						CreatedOnToolsVersion = 15.0.1;
						TestTargetID = D03936382AFD5AD600ECA4BE;
					};
					D03936522AFD5AD800ECA4BE = {
						CreatedOnToolsVersion = 15.0.1;
						TestTargetID = D03936382AFD5AD600ECA4BE;
					};
				};
			};
			buildConfigurationList = D03936342AFD5AD600ECA4BE /* Build configuration list for PBXProject "teamhungary" */;
			compatibilityVersion = "Xcode 14.0";
			developmentRegion = en;
			hasScannedForEncodings = 0;
			knownRegions = (
				en,
				Base,
			);
			mainGroup = D03936302AFD5AD600ECA4BE;
			productRefGroup = D039363A2AFD5AD600ECA4BE /* Products */;
			projectDirPath = "";
			projectRoot = "";
			targets = (
				D03936382AFD5AD600ECA4BE /* teamhungary */,
				D03936482AFD5AD800ECA4BE /* teamhungaryTests */,
				D03936522AFD5AD800ECA4BE /* teamhungaryUITests */,
			);
		};
/* End PBXProject section */

/* Begin PBXResourcesBuildPhase section */
		D03936372AFD5AD600ECA4BE /* Resources */ = {
			isa = PBXResourcesBuildPhase;
			buildActionMask = 2147483647;
			files = (
				D03936442AFD5AD700ECA4BE /* Preview Assets.xcassets in Resources */,
				D03936412AFD5AD700ECA4BE /* Assets.xcassets in Resources */,
			);
			runOnlyForDeploymentPostprocessing = 0;
		};
		D03936472AFD5AD800ECA4BE /* Resources */ = {
			isa = PBXResourcesBuildPhase;
			buildActionMask = 2147483647;
			files = (
			);
			runOnlyForDeploymentPostprocessing = 0;
		};
		D03936512AFD5AD800ECA4BE /* Resources */ = {
			isa = PBXResourcesBuildPhase;
			buildActionMask = 2147483647;
			files = (
			);
			runOnlyForDeploymentPostprocessing = 0;
		};
/* End PBXResourcesBuildPhase section */

/* Begin PBXSourcesBuildPhase section */
		D03936352AFD5AD600ECA4BE /* Sources */ = {
			isa = PBXSourcesBuildPhase;
			buildActionMask = 2147483647;
			files = (
				D039363F2AFD5AD600ECA4BE /* ContentView.swift in Sources */,
				D039363D2AFD5AD600ECA4BE /* teamhungaryApp.swift in Sources */,
			);
			runOnlyForDeploymentPostprocessing = 0;
		};
		D03936452AFD5AD800ECA4BE /* Sources */ = {
			isa = PBXSourcesBuildPhase;
			buildActionMask = 2147483647;
			files = (
				D039364E2AFD5AD800ECA4BE /* teamhungaryTests.swift in Sources */,
			);
			runOnlyForDeploymentPostprocessing = 0;
		};
		D039364F2AFD5AD800ECA4BE /* Sources */ = {
			isa = PBXSourcesBuildPhase;
			buildActionMask = 2147483647;
			files = (
				D039365A2AFD5AD800ECA4BE /* teamhungaryUITestsLaunchTests.swift in Sources */,
				D03936582AFD5AD800ECA4BE /* teamhungaryUITests.swift in Sources */,
			);
			runOnlyForDeploymentPostprocessing = 0;
		};
/* End PBXSourcesBuildPhase section */

/* Begin PBXTargetDependency section */
		D039364B2AFD5AD800ECA4BE /* PBXTargetDependency */ = {
			isa = PBXTargetDependency;
			target = D03936382AFD5AD600ECA4BE /* teamhungary */;
			targetProxy = D039364A2AFD5AD800ECA4BE /* PBXContainerItemProxy */;
		};
		D03936552AFD5AD800ECA4BE /* PBXTargetDependency */ = {
			isa = PBXTargetDependency;
			target = D03936382AFD5AD600ECA4BE /* teamhungary */;
			targetProxy = D03936542AFD5AD800ECA4BE /* PBXContainerItemProxy */;
		};
/* End PBXTargetDependency section */

/* Begin XCBuildConfiguration section */
		D039365B2AFD5AD800ECA4BE /* Debug */ = {
			isa = XCBuildConfiguration;
			buildSettings = {
				ALWAYS_SEARCH_USER_PATHS = NO;
				ASSETCATALOG_COMPILER_GENERATE_SWIFT_ASSET_SYMBOL_EXTENSIONS = YES;
				CLANG_ANALYZER_NONNULL = YES;
				CLANG_ANALYZER_NUMBER_OBJECT_CONVERSION = YES_AGGRESSIVE;
				CLANG_CXX_LANGUAGE_STANDARD = "gnu++20";
				CLANG_ENABLE_MODULES = YES;
				CLANG_ENABLE_OBJC_ARC = YES;
				CLANG_ENABLE_OBJC_WEAK = YES;
				CLANG_WARN_BLOCK_CAPTURE_AUTORELEASING = YES;
				CLANG_WARN_BOOL_CONVERSION = YES;
				CLANG_WARN_COMMA = YES;
				CLANG_WARN_CONSTANT_CONVERSION = YES;
				CLANG_WARN_DEPRECATED_OBJC_IMPLEMENTATIONS = YES;
				CLANG_WARN_DIRECT_OBJC_ISA_USAGE = YES_ERROR;
				CLANG_WARN_DOCUMENTATION_COMMENTS = YES;
				CLANG_WARN_EMPTY_BODY = YES;
				CLANG_WARN_ENUM_CONVERSION = YES;
				CLANG_WARN_INFINITE_RECURSION = YES;
				CLANG_WARN_INT_CONVERSION = YES;
				CLANG_WARN_NON_LITERAL_NULL_CONVERSION = YES;
				CLANG_WARN_OBJC_IMPLICIT_RETAIN_SELF = YES;
				CLANG_WARN_OBJC_LITERAL_CONVERSION = YES;
				CLANG_WARN_OBJC_ROOT_CLASS = YES_ERROR;
				CLANG_WARN_QUOTED_INCLUDE_IN_FRAMEWORK_HEADER = YES;
				CLANG_WARN_RANGE_LOOP_ANALYSIS = YES;
				CLANG_WARN_STRICT_PROTOTYPES = YES;
				CLANG_WARN_SUSPICIOUS_MOVE = YES;
				CLANG_WARN_UNGUARDED_AVAILABILITY = YES_AGGRESSIVE;
				CLANG_WARN_UNREACHABLE_CODE = YES;
				CLANG_WARN__DUPLICATE_METHOD_MATCH = YES;
				COPY_PHASE_STRIP = NO;
				DEBUG_INFORMATION_FORMAT = dwarf;
				ENABLE_STRICT_OBJC_MSGSEND = YES;
				ENABLE_TESTABILITY = YES;
				ENABLE_USER_SCRIPT_SANDBOXING = YES;
				GCC_C_LANGUAGE_STANDARD = gnu17;
				GCC_DYNAMIC_NO_PIC = NO;
				GCC_NO_COMMON_BLOCKS = YES;
				GCC_OPTIMIZATION_LEVEL = 0;
				GCC_PREPROCESSOR_DEFINITIONS = (
					"DEBUG=1",
					"$(inherited)",
				);
				GCC_WARN_64_TO_32_BIT_CONVERSION = YES;
				GCC_WARN_ABOUT_RETURN_TYPE = YES_ERROR;
				GCC_WARN_UNDECLARED_SELECTOR = YES;
				GCC_WARN_UNINITIALIZED_AUTOS = YES_AGGRESSIVE;
				GCC_WARN_UNUSED_FUNCTION = YES;
				GCC_WARN_UNUSED_VARIABLE = YES;
				IPHONEOS_DEPLOYMENT_TARGET = 17.0;
				LOCALIZATION_PREFERS_STRING_CATALOGS = YES;
				MTL_ENABLE_DEBUG_INFO = INCLUDE_SOURCE;
				MTL_FAST_MATH = YES;
				ONLY_ACTIVE_ARCH = YES;
				SDKROOT = iphoneos;
				SWIFT_ACTIVE_COMPILATION_CONDITIONS = "DEBUG $(inherited)";
				SWIFT_OPTIMIZATION_LEVEL = "-Onone";
			};
			name = Debug;
		};
		D039365C2AFD5AD800ECA4BE /* Release */ = {
			isa = XCBuildConfiguration;
			buildSettings = {
				ALWAYS_SEARCH_USER_PATHS = NO;
				ASSETCATALOG_COMPILER_GENERATE_SWIFT_ASSET_SYMBOL_EXTENSIONS = YES;
				CLANG_ANALYZER_NONNULL = YES;
				CLANG_ANALYZER_NUMBER_OBJECT_CONVERSION = YES_AGGRESSIVE;
				CLANG_CXX_LANGUAGE_STANDARD = "gnu++20";
				CLANG_ENABLE_MODULES = YES;
				CLANG_ENABLE_OBJC_ARC = YES;
				CLANG_ENABLE_OBJC_WEAK = YES;
				CLANG_WARN_BLOCK_CAPTURE_AUTORELEASING = YES;
				CLANG_WARN_BOOL_CONVERSION = YES;
				CLANG_WARN_COMMA = YES;
				CLANG_WARN_CONSTANT_CONVERSION = YES;
				CLANG_WARN_DEPRECATED_OBJC_IMPLEMENTATIONS = YES;
				CLANG_WARN_DIRECT_OBJC_ISA_USAGE = YES_ERROR;
				CLANG_WARN_DOCUMENTATION_COMMENTS = YES;
				CLANG_WARN_EMPTY_BODY = YES;
				CLANG_WARN_ENUM_CONVERSION = YES;
				CLANG_WARN_INFINITE_RECURSION = YES;
				CLANG_WARN_INT_CONVERSION = YES;
				CLANG_WARN_NON_LITERAL_NULL_CONVERSION = YES;
				CLANG_WARN_OBJC_IMPLICIT_RETAIN_SELF = YES;
				CLANG_WARN_OBJC_LITERAL_CONVERSION = YES;
				CLANG_WARN_OBJC_ROOT_CLASS = YES_ERROR;
				CLANG_WARN_QUOTED_INCLUDE_IN_FRAMEWORK_HEADER = YES;
				CLANG_WARN_RANGE_LOOP_ANALYSIS = YES;
				CLANG_WARN_STRICT_PROTOTYPES = YES;
				CLANG_WARN_SUSPICIOUS_MOVE = YES;
				CLANG_WARN_UNGUARDED_AVAILABILITY = YES_AGGRESSIVE;
				CLANG_WARN_UNREACHABLE_CODE = YES;
				CLANG_WARN__DUPLICATE_METHOD_MATCH = YES;
				COPY_PHASE_STRIP = NO;
				DEBUG_INFORMATION_FORMAT = "dwarf-with-dsym";
				ENABLE_NS_ASSERTIONS = NO;
				ENABLE_STRICT_OBJC_MSGSEND = YES;
				ENABLE_USER_SCRIPT_SANDBOXING = YES;
				GCC_C_LANGUAGE_STANDARD = gnu17;
				GCC_NO_COMMON_BLOCKS = YES;
				GCC_WARN_64_TO_32_BIT_CONVERSION = YES;
				GCC_WARN_ABOUT_RETURN_TYPE = YES_ERROR;
				GCC_WARN_UNDECLARED_SELECTOR = YES;
				GCC_WARN_UNINITIALIZED_AUTOS = YES_AGGRESSIVE;
				GCC_WARN_UNUSED_FUNCTION = YES;
				GCC_WARN_UNUSED_VARIABLE = YES;
				IPHONEOS_DEPLOYMENT_TARGET = 17.0;
				LOCALIZATION_PREFERS_STRING_CATALOGS = YES;
				MTL_ENABLE_DEBUG_INFO = NO;
				MTL_FAST_MATH = YES;
				SDKROOT = iphoneos;
				SWIFT_COMPILATION_MODE = wholemodule;
				VALIDATE_PRODUCT = YES;
			};
			name = Release;
		};
		D039365E2AFD5AD800ECA4BE /* Debug */ = {
			isa = XCBuildConfiguration;
			buildSettings = {
				ASSETCATALOG_COMPILER_APPICON_NAME = AppIcon;
				ASSETCATALOG_COMPILER_GLOBAL_ACCENT_COLOR_NAME = AccentColor;
				CODE_SIGN_STYLE = Automatic;
				CURRENT_PROJECT_VERSION = 1;
				DEVELOPMENT_ASSET_PATHS = "\"teamhungary/Preview Content\"";
				ENABLE_PREVIEWS = YES;
				GENERATE_INFOPLIST_FILE = YES;
				INFOPLIST_KEY_UIApplicationSceneManifest_Generation = YES;
				INFOPLIST_KEY_UIApplicationSupportsIndirectInputEvents = YES;
				INFOPLIST_KEY_UILaunchScreen_Generation = YES;
				INFOPLIST_KEY_UISupportedInterfaceOrientations_iPad = "UIInterfaceOrientationPortrait UIInterfaceOrientationPortraitUpsideDown UIInterfaceOrientationLandscapeLeft UIInterfaceOrientationLandscapeRight";
				INFOPLIST_KEY_UISupportedInterfaceOrientations_iPhone = "UIInterfaceOrientationPortrait UIInterfaceOrientationLandscapeLeft UIInterfaceOrientationLandscapeRight";
				LD_RUNPATH_SEARCH_PATHS = (
					"$(inherited)",
					"@executable_path/Frameworks",
				);
				MARKETING_VERSION = 1.0;
				PRODUCT_BUNDLE_IDENTIFIER = coms4995.teamhungary;
				PRODUCT_NAME = "$(TARGET_NAME)";
				SWIFT_EMIT_LOC_STRINGS = YES;
				SWIFT_VERSION = 5.0;
				TARGETED_DEVICE_FAMILY = "1,2";
			};
			name = Debug;
		};
		D039365F2AFD5AD800ECA4BE /* Release */ = {
			isa = XCBuildConfiguration;
			buildSettings = {
				ASSETCATALOG_COMPILER_APPICON_NAME = AppIcon;
				ASSETCATALOG_COMPILER_GLOBAL_ACCENT_COLOR_NAME = AccentColor;
				CODE_SIGN_STYLE = Automatic;
				CURRENT_PROJECT_VERSION = 1;
				DEVELOPMENT_ASSET_PATHS = "\"teamhungary/Preview Content\"";
				ENABLE_PREVIEWS = YES;
				GENERATE_INFOPLIST_FILE = YES;
				INFOPLIST_KEY_UIApplicationSceneManifest_Generation = YES;
				INFOPLIST_KEY_UIApplicationSupportsIndirectInputEvents = YES;
				INFOPLIST_KEY_UILaunchScreen_Generation = YES;
				INFOPLIST_KEY_UISupportedInterfaceOrientations_iPad = "UIInterfaceOrientationPortrait UIInterfaceOrientationPortraitUpsideDown UIInterfaceOrientationLandscapeLeft UIInterfaceOrientationLandscapeRight";
				INFOPLIST_KEY_UISupportedInterfaceOrientations_iPhone = "UIInterfaceOrientationPortrait UIInterfaceOrientationLandscapeLeft UIInterfaceOrientationLandscapeRight";
				LD_RUNPATH_SEARCH_PATHS = (
					"$(inherited)",
					"@executable_path/Frameworks",
				);
				MARKETING_VERSION = 1.0;
				PRODUCT_BUNDLE_IDENTIFIER = coms4995.teamhungary;
				PRODUCT_NAME = "$(TARGET_NAME)";
				SWIFT_EMIT_LOC_STRINGS = YES;
				SWIFT_VERSION = 5.0;
				TARGETED_DEVICE_FAMILY = "1,2";
			};
			name = Release;
		};
		D03936612AFD5AD800ECA4BE /* Debug */ = {
			isa = XCBuildConfiguration;
			buildSettings = {
				ALWAYS_EMBED_SWIFT_STANDARD_LIBRARIES = YES;
				BUNDLE_LOADER = "$(TEST_HOST)";
				CODE_SIGN_STYLE = Automatic;
				CURRENT_PROJECT_VERSION = 1;
				GENERATE_INFOPLIST_FILE = YES;
				IPHONEOS_DEPLOYMENT_TARGET = 17.0;
				MARKETING_VERSION = 1.0;
				PRODUCT_BUNDLE_IDENTIFIER = coms4995.teamhungaryTests;
				PRODUCT_NAME = "$(TARGET_NAME)";
				SWIFT_EMIT_LOC_STRINGS = NO;
				SWIFT_VERSION = 5.0;
				TARGETED_DEVICE_FAMILY = "1,2";
				TEST_HOST = "$(BUILT_PRODUCTS_DIR)/teamhungary.app/$(BUNDLE_EXECUTABLE_FOLDER_PATH)/teamhungary";
			};
			name = Debug;
		};
		D03936622AFD5AD800ECA4BE /* Release */ = {
			isa = XCBuildConfiguration;
			buildSettings = {
				ALWAYS_EMBED_SWIFT_STANDARD_LIBRARIES = YES;
				BUNDLE_LOADER = "$(TEST_HOST)";
				CODE_SIGN_STYLE = Automatic;
				CURRENT_PROJECT_VERSION = 1;
				GENERATE_INFOPLIST_FILE = YES;
				IPHONEOS_DEPLOYMENT_TARGET = 17.0;
				MARKETING_VERSION = 1.0;
				PRODUCT_BUNDLE_IDENTIFIER = coms4995.teamhungaryTests;
				PRODUCT_NAME = "$(TARGET_NAME)";
				SWIFT_EMIT_LOC_STRINGS = NO;
				SWIFT_VERSION = 5.0;
				TARGETED_DEVICE_FAMILY = "1,2";
				TEST_HOST = "$(BUILT_PRODUCTS_DIR)/teamhungary.app/$(BUNDLE_EXECUTABLE_FOLDER_PATH)/teamhungary";
			};
			name = Release;
		};
		D03936642AFD5AD800ECA4BE /* Debug */ = {
			isa = XCBuildConfiguration;
			buildSettings = {
				ALWAYS_EMBED_SWIFT_STANDARD_LIBRARIES = YES;
				CODE_SIGN_STYLE = Automatic;
				CURRENT_PROJECT_VERSION = 1;
				GENERATE_INFOPLIST_FILE = YES;
				MARKETING_VERSION = 1.0;
				PRODUCT_BUNDLE_IDENTIFIER = coms4995.teamhungaryUITests;
				PRODUCT_NAME = "$(TARGET_NAME)";
				SWIFT_EMIT_LOC_STRINGS = NO;
				SWIFT_VERSION = 5.0;
				TARGETED_DEVICE_FAMILY = "1,2";
				TEST_TARGET_NAME = teamhungary;
			};
			name = Debug;
		};
		D03936652AFD5AD800ECA4BE /* Release */ = {
			isa = XCBuildConfiguration;
			buildSettings = {
				ALWAYS_EMBED_SWIFT_STANDARD_LIBRARIES = YES;
				CODE_SIGN_STYLE = Automatic;
				CURRENT_PROJECT_VERSION = 1;
				GENERATE_INFOPLIST_FILE = YES;
				MARKETING_VERSION = 1.0;
				PRODUCT_BUNDLE_IDENTIFIER = coms4995.teamhungaryUITests;
				PRODUCT_NAME = "$(TARGET_NAME)";
				SWIFT_EMIT_LOC_STRINGS = NO;
				SWIFT_VERSION = 5.0;
				TARGETED_DEVICE_FAMILY = "1,2";
				TEST_TARGET_NAME = teamhungary;
			};
			name = Release;
		};
/* End XCBuildConfiguration section */

/* Begin XCConfigurationList section */
		D03936342AFD5AD600ECA4BE /* Build configuration list for PBXProject "teamhungary" */ = {
			isa = XCConfigurationList;
			buildConfigurations = (
				D039365B2AFD5AD800ECA4BE /* Debug */,
				D039365C2AFD5AD800ECA4BE /* Release */,
			);
			defaultConfigurationIsVisible = 0;
			defaultConfigurationName = Release;
		};
		D039365D2AFD5AD800ECA4BE /* Build configuration list for PBXNativeTarget "teamhungary" */ = {
			isa = XCConfigurationList;
			buildConfigurations = (
				D039365E2AFD5AD800ECA4BE /* Debug */,
				D039365F2AFD5AD800ECA4BE /* Release */,
			);
			defaultConfigurationIsVisible = 0;
			defaultConfigurationName = Release;
		};
		D03936602AFD5AD800ECA4BE /* Build configuration list for PBXNativeTarget "teamhungaryTests" */ = {
			isa = XCConfigurationList;
			buildConfigurations = (
				D03936612AFD5AD800ECA4BE /* Debug */,
				D03936622AFD5AD800ECA4BE /* Release */,
			);
			defaultConfigurationIsVisible = 0;
			defaultConfigurationName = Release;
		};
		D03936632AFD5AD800ECA4BE /* Build configuration list for PBXNativeTarget "teamhungaryUITests" */ = {
			isa = XCConfigurationList;
			buildConfigurations = (
				D03936642AFD5AD800ECA4BE /* Debug */,
				D03936652AFD5AD800ECA4BE /* Release */,
			);
			defaultConfigurationIsVisible = 0;
			defaultConfigurationName = Release;
		};
/* End XCConfigurationList section */
	};
	rootObject = D03936312AFD5AD600ECA4BE /* Project object */;
}
